
Microsoft Visual Studio Solution File, Format Version 12.00
# Visual Studio Version 17
VisualStudioVersion = 17.7.34018.315
MinimumVisualStudioVersion = 10.0.40219.1
Project("{2150E333-8FDC-42A3-9474-1A3956D46DE8}") = "FrontEnd", "FrontEnd", "{3CA5AC73-5C37-4FAD-A3DD-B8D84707130B}"
EndProject
Project("{2150E333-8FDC-42A3-9474-1A3956D46DE8}") = "Services", "Services", "{FA1BFA18-5152-4D4C-84AF-3D712318B50C}"
EndProject
Project("{9A19103F-16F7-4668-BE54-9A1E7A4F7556}") = "GeekShopping.Web", "GeekShopping.Web\GeekShopping.Web.csproj", "{D658CFA1-2BB8-4FFD-A78B-17BF87BF541F}"
EndProject
Project("{9A19103F-16F7-4668-BE54-9A1E7A4F7556}") = "GeekShopping.ProductAPI", "GeekShopping.ProductAPI\GeekShopping.ProductAPI.csproj", "{3C703D06-CA42-4D42-A8BF-026F8534CE2C}"
EndProject
Global
	GlobalSection(SolutionConfigurationPlatforms) = preSolution
		Debug|Any CPU = Debug|Any CPU
		Release|Any CPU = Release|Any CPU
	EndGlobalSection
	GlobalSection(ProjectConfigurationPlatforms) = postSolution
		{D658CFA1-2BB8-4FFD-A78B-17BF87BF541F}.Debug|Any CPU.ActiveCfg = Debug|Any CPU
		{D658CFA1-2BB8-4FFD-A78B-17BF87BF541F}.Debug|Any CPU.Build.0 = Debug|Any CPU
		{D658CFA1-2BB8-4FFD-A78B-17BF87BF541F}.Release|Any CPU.ActiveCfg = Release|Any CPU
		{D658CFA1-2BB8-4FFD-A78B-17BF87BF541F}.Release|Any CPU.Build.0 = Release|Any CPU
		{3C703D06-CA42-4D42-A8BF-026F8534CE2C}.Debug|Any CPU.ActiveCfg = Debug|Any CPU
		{3C703D06-CA42-4D42-A8BF-026F8534CE2C}.Debug|Any CPU.Build.0 = Debug|Any CPU
		{3C703D06-CA42-4D42-A8BF-026F8534CE2C}.Release|Any CPU.ActiveCfg = Release|Any CPU
		{3C703D06-CA42-4D42-A8BF-026F8534CE2C}.Release|Any CPU.Build.0 = Release|Any CPU
	EndGlobalSection
	GlobalSection(SolutionProperties) = preSolution
		HideSolutionNode = FALSE
	EndGlobalSection
	GlobalSection(NestedProjects) = preSolution
		{D658CFA1-2BB8-4FFD-A78B-17BF87BF541F} = {3CA5AC73-5C37-4FAD-A3DD-B8D84707130B}
		{3C703D06-CA42-4D42-A8BF-026F8534CE2C} = {FA1BFA18-5152-4D4C-84AF-3D712318B50C}
	EndGlobalSection
	GlobalSection(ExtensibilityGlobals) = postSolution
		SolutionGuid = {0D6A3332-7FD6-41E8-9CE8-3C35659F61D3}
	EndGlobalSection
EndGlobal
